
Microsoft Visual Studio Solution File, Format Version 12.00
# Visual Studio Version 16
VisualStudioVersion = 16.0.31410.357
MinimumVisualStudioVersion = 10.0.40219.1
Project("{FAE04EC0-301F-11D3-BF4B-00C04F79EFBC}") = "Bubble_Sort", "Bubble_Sort.csproj", "{5AAA5ABA-1EF0-4309-814C-CAB34B648965}"
EndProject
Global
	GlobalSection(SolutionConfigurationPlatforms) = preSolution
		Debug|Any CPU = Debug|Any CPU
		Release|Any CPU = Release|Any CPU
	EndGlobalSection
	GlobalSection(ProjectConfigurationPlatforms) = postSolution
		{5AAA5ABA-1EF0-4309-814C-CAB34B648965}.Debug|Any CPU.ActiveCfg = Debug|Any CPU
		{5AAA5ABA-1EF0-4309-814C-CAB34B648965}.Debug|Any CPU.Build.0 = Debug|Any CPU
		{5AAA5ABA-1EF0-4309-814C-CAB34B648965}.Release|Any CPU.ActiveCfg = Release|Any CPU
		{5AAA5ABA-1EF0-4309-814C-CAB34B648965}.Release|Any CPU.Build.0 = Release|Any CPU
	EndGlobalSection
	GlobalSection(SolutionProperties) = preSolution
		HideSolutionNode = FALSE
	EndGlobalSection
	GlobalSection(ExtensibilityGlobals) = postSolution
		SolutionGuid = {2BC94D1B-385A-40EB-804B-7AA9C926B070}
	EndGlobalSection
EndGlobal
